
Microsoft Visual Studio Solution File, Format Version 12.00
# Visual Studio 15
VisualStudioVersion = 15.0.27130.2036
MinimumVisualStudioVersion = 10.0.40219.1
Project("{9A19103F-16F7-4668-BE54-9A1E7A4F7556}") = "OmniNotesApi", "OmniNotesApi\OmniNotesApi.csproj", "{552B521E-D186-4C44-BF70-1468A20056B2}"
EndProject
Project("{FAE04EC0-301F-11D3-BF4B-00C04F79EFBC}") = "OmniNotesCore", "OmniNotesCore\OmniNotesCore.csproj", "{5CB1C3AB-4AA2-4DD4-BAB4-65E33F0C4BB4}"
EndProject
Project("{FAE04EC0-301F-11D3-BF4B-00C04F79EFBC}") = "OmniNotesContracts", "OmniNotesContracts\OmniNotesContracts.csproj", "{87C46467-138F-49E5-AC6A-E6F56CA2E400}"
EndProject
Project("{FAE04EC0-301F-11D3-BF4B-00C04F79EFBC}") = "OmniNotesModels", "OmniNotesModels\OmniNotesModels.csproj", "{CA92A211-95F8-41D3-8124-8E2000F2D4DD}"
EndProject
Project("{FAE04EC0-301F-11D3-BF4B-00C04F79EFBC}") = "OmniNotesWebApp", "OmniNotesWebApp\OmniNotesWebApp.csproj", "{66CF31A9-DA30-4E65-A108-0F5FC63FC17B}"
EndProject
Global
	GlobalSection(SolutionConfigurationPlatforms) = preSolution
		Debug|Any CPU = Debug|Any CPU
		Release|Any CPU = Release|Any CPU
	EndGlobalSection
	GlobalSection(ProjectConfigurationPlatforms) = postSolution
		{552B521E-D186-4C44-BF70-1468A20056B2}.Debug|Any CPU.ActiveCfg = Debug|Any CPU
		{552B521E-D186-4C44-BF70-1468A20056B2}.Debug|Any CPU.Build.0 = Debug|Any CPU
		{552B521E-D186-4C44-BF70-1468A20056B2}.Release|Any CPU.ActiveCfg = Release|Any CPU
		{552B521E-D186-4C44-BF70-1468A20056B2}.Release|Any CPU.Build.0 = Release|Any CPU
		{5CB1C3AB-4AA2-4DD4-BAB4-65E33F0C4BB4}.Debug|Any CPU.ActiveCfg = Debug|Any CPU
		{5CB1C3AB-4AA2-4DD4-BAB4-65E33F0C4BB4}.Debug|Any CPU.Build.0 = Debug|Any CPU
		{5CB1C3AB-4AA2-4DD4-BAB4-65E33F0C4BB4}.Release|Any CPU.ActiveCfg = Release|Any CPU
		{5CB1C3AB-4AA2-4DD4-BAB4-65E33F0C4BB4}.Release|Any CPU.Build.0 = Release|Any CPU
		{87C46467-138F-49E5-AC6A-E6F56CA2E400}.Debug|Any CPU.ActiveCfg = Debug|Any CPU
		{87C46467-138F-49E5-AC6A-E6F56CA2E400}.Debug|Any CPU.Build.0 = Debug|Any CPU
		{87C46467-138F-49E5-AC6A-E6F56CA2E400}.Release|Any CPU.ActiveCfg = Release|Any CPU
		{87C46467-138F-49E5-AC6A-E6F56CA2E400}.Release|Any CPU.Build.0 = Release|Any CPU
		{CA92A211-95F8-41D3-8124-8E2000F2D4DD}.Debug|Any CPU.ActiveCfg = Debug|Any CPU
		{CA92A211-95F8-41D3-8124-8E2000F2D4DD}.Debug|Any CPU.Build.0 = Debug|Any CPU
		{CA92A211-95F8-41D3-8124-8E2000F2D4DD}.Release|Any CPU.ActiveCfg = Release|Any CPU
		{CA92A211-95F8-41D3-8124-8E2000F2D4DD}.Release|Any CPU.Build.0 = Release|Any CPU
		{66CF31A9-DA30-4E65-A108-0F5FC63FC17B}.Debug|Any CPU.ActiveCfg = Debug|Any CPU
		{66CF31A9-DA30-4E65-A108-0F5FC63FC17B}.Debug|Any CPU.Build.0 = Debug|Any CPU
		{66CF31A9-DA30-4E65-A108-0F5FC63FC17B}.Release|Any CPU.ActiveCfg = Release|Any CPU
		{66CF31A9-DA30-4E65-A108-0F5FC63FC17B}.Release|Any CPU.Build.0 = Release|Any CPU
	EndGlobalSection
	GlobalSection(SolutionProperties) = preSolution
		HideSolutionNode = FALSE
	EndGlobalSection
	GlobalSection(ExtensibilityGlobals) = postSolution
		SolutionGuid = {4C9EF0F7-BE34-4BB3-8D49-5E59F8195E8B}
	EndGlobalSection
EndGlobal
